
Microsoft Visual Studio Solution File, Format Version 12.00
# Visual Studio 2012
Project("{FAE04EC0-301F-11D3-BF4B-00C04F79EFBC}") = "MatchUpBook", "MatchUpBook\MatchUpBook.csproj", "{887E2858-6E74-4C21-9524-E85B2377134E}"
EndProject
Project("{FAE04EC0-301F-11D3-BF4B-00C04F79EFBC}") = "MatchUpBook.UITests", "MatchUpBook.UITests\MatchUpBook.UITests.csproj", "{37C0C723-75A2-441E-9D5A-860FB8508D13}"
EndProject
Global
	GlobalSection(SolutionConfigurationPlatforms) = preSolution
		Debug|Any CPU = Debug|Any CPU
		Release|Any CPU = Release|Any CPU
	EndGlobalSection
	GlobalSection(ProjectConfigurationPlatforms) = postSolution
		{37C0C723-75A2-441E-9D5A-860FB8508D13}.Debug|Any CPU.ActiveCfg = Debug|Any CPU
		{37C0C723-75A2-441E-9D5A-860FB8508D13}.Debug|Any CPU.Build.0 = Debug|Any CPU
		{37C0C723-75A2-441E-9D5A-860FB8508D13}.Release|Any CPU.ActiveCfg = Release|Any CPU
		{37C0C723-75A2-441E-9D5A-860FB8508D13}.Release|Any CPU.Build.0 = Release|Any CPU
		{887E2858-6E74-4C21-9524-E85B2377134E}.Debug|Any CPU.ActiveCfg = Debug|Any CPU
		{887E2858-6E74-4C21-9524-E85B2377134E}.Debug|Any CPU.Build.0 = Debug|Any CPU
		{887E2858-6E74-4C21-9524-E85B2377134E}.Release|Any CPU.ActiveCfg = Release|Any CPU
		{887E2858-6E74-4C21-9524-E85B2377134E}.Release|Any CPU.Build.0 = Release|Any CPU
	EndGlobalSection
EndGlobal
